
Microsoft Visual Studio Solution File, Format Version 12.00
# Visual Studio Version 16
VisualStudioVersion = 16.0.28315.86
MinimumVisualStudioVersion = 15.0.26124.0
Project("{2150E333-8FDC-42A3-9474-1A3956D46DE8}") = "src", "src", "{245AA4AB-ECF4-4C69-B63D-C59D4B3F918C}"
EndProject
Project("{2150E333-8FDC-42A3-9474-1A3956D46DE8}") = "test", "test", "{8DE53FA4-6C58-4FE4-840C-8CD5D5370324}"
EndProject
Project("{2150E333-8FDC-42A3-9474-1A3956D46DE8}") = "sample", "sample", "{2925DB42-26E1-4584-952E-928CDC0473DB}"
EndProject
Project("{2150E333-8FDC-42A3-9474-1A3956D46DE8}") = "Solution Items", "Solution Items", "{FDEACC74-E649-4B5B-8C44-F9E713C89B18}"
	ProjectSection(SolutionItems) = preProject
		.commitlintrc.json = .commitlintrc.json
		.npmrc = .npmrc
		.releaserc.json = .releaserc.json
		appveyor.yml = appveyor.yml
		build.cmd = build.cmd
		build.ps1 = build.ps1
		dotnet-install.ps1 = dotnet-install.ps1
		global.json = global.json
		LICENSE = LICENSE
		NuGet.Config = NuGet.Config
		publish.cmd = publish.cmd
		publish.ps1 = publish.ps1
		README.md = README.md
	EndProjectSection
EndProject
Project("{9A19103F-16F7-4668-BE54-9A1E7A4F7556}") = "Aguacongas.AspNetCore.Authentication", "src\Aguacongas.AspNetCore.Authentication\Aguacongas.AspNetCore.Authentication.csproj", "{1A94B6E3-5AE2-4EF2-B023-11B8F8840742}"
EndProject
Project("{9A19103F-16F7-4668-BE54-9A1E7A4F7556}") = "Aguacongas.AspNetCore.Authentication.Test", "test\Aguacongas.AspNetCore.Authentication.Test\Aguacongas.AspNetCore.Authentication.Test.csproj", "{62FC7AE9-E522-4C65-9954-D3EC4C84B35E}"
EndProject
Project("{9A19103F-16F7-4668-BE54-9A1E7A4F7556}") = "Aguacongas.AspNetCore.Authentication.Sample", "sample\Aguacongas.AspNetCore.Authentication.Sample\Aguacongas.AspNetCore.Authentication.Sample.csproj", "{B5A1BB45-B621-4EE9-A409-306F4768D597}"
EndProject
Project("{9A19103F-16F7-4668-BE54-9A1E7A4F7556}") = "Aguacongas.AspNetCore.Authentication.EntityFramework", "src\Aguacongas.AspNetCore.Authentication.EntityFramework\Aguacongas.AspNetCore.Authentication.EntityFramework.csproj", "{8CC87457-C579-4E39-A1C4-BAADADF500DE}"
EndProject
Project("{9A19103F-16F7-4668-BE54-9A1E7A4F7556}") = "Aguacongas.AspNetCore.Authentication.TestBase", "src\Aguacongas.AspNetCore.Authentication.TestBase\Aguacongas.AspNetCore.Authentication.TestBase.csproj", "{440D2CE9-5C8D-4E58-90A8-D03807C62043}"
EndProject
Project("{9A19103F-16F7-4668-BE54-9A1E7A4F7556}") = "Aguacongas.AspNetCore.Authentication.EntityFramework.Test", "test\Aguacongas.AspNetCore.Authentication.EntityFramework.Test\Aguacongas.AspNetCore.Authentication.EntityFramework.Test.csproj", "{01E5055D-BF6A-435C-8858-F63A8FAC6D86}"
EndProject
Global
	GlobalSection(SolutionConfigurationPlatforms) = preSolution
		Debug|Any CPU = Debug|Any CPU
		Release|Any CPU = Release|Any CPU
	EndGlobalSection
	GlobalSection(ProjectConfigurationPlatforms) = postSolution
		{1A94B6E3-5AE2-4EF2-B023-11B8F8840742}.Debug|Any CPU.ActiveCfg = Debug|Any CPU
		{1A94B6E3-5AE2-4EF2-B023-11B8F8840742}.Debug|Any CPU.Build.0 = Debug|Any CPU
		{1A94B6E3-5AE2-4EF2-B023-11B8F8840742}.Release|Any CPU.ActiveCfg = Release|Any CPU
		{1A94B6E3-5AE2-4EF2-B023-11B8F8840742}.Release|Any CPU.Build.0 = Release|Any CPU
		{62FC7AE9-E522-4C65-9954-D3EC4C84B35E}.Debug|Any CPU.ActiveCfg = Debug|Any CPU
		{62FC7AE9-E522-4C65-9954-D3EC4C84B35E}.Debug|Any CPU.Build.0 = Debug|Any CPU
		{62FC7AE9-E522-4C65-9954-D3EC4C84B35E}.Release|Any CPU.ActiveCfg = Release|Any CPU
		{62FC7AE9-E522-4C65-9954-D3EC4C84B35E}.Release|Any CPU.Build.0 = Release|Any CPU
		{B5A1BB45-B621-4EE9-A409-306F4768D597}.Debug|Any CPU.ActiveCfg = Debug|Any CPU
		{B5A1BB45-B621-4EE9-A409-306F4768D597}.Debug|Any CPU.Build.0 = Debug|Any CPU
		{B5A1BB45-B621-4EE9-A409-306F4768D597}.Release|Any CPU.ActiveCfg = Release|Any CPU
		{B5A1BB45-B621-4EE9-A409-306F4768D597}.Release|Any CPU.Build.0 = Release|Any CPU
		{8CC87457-C579-4E39-A1C4-BAADADF500DE}.Debug|Any CPU.ActiveCfg = Debug|Any CPU
		{8CC87457-C579-4E39-A1C4-BAADADF500DE}.Debug|Any CPU.Build.0 = Debug|Any CPU
		{8CC87457-C579-4E39-A1C4-BAADADF500DE}.Release|Any CPU.ActiveCfg = Release|Any CPU
		{8CC87457-C579-4E39-A1C4-BAADADF500DE}.Release|Any CPU.Build.0 = Release|Any CPU
		{440D2CE9-5C8D-4E58-90A8-D03807C62043}.Debug|Any CPU.ActiveCfg = Debug|Any CPU
		{440D2CE9-5C8D-4E58-90A8-D03807C62043}.Debug|Any CPU.Build.0 = Debug|Any CPU
		{440D2CE9-5C8D-4E58-90A8-D03807C62043}.Release|Any CPU.ActiveCfg = Release|Any CPU
		{440D2CE9-5C8D-4E58-90A8-D03807C62043}.Release|Any CPU.Build.0 = Release|Any CPU
		{01E5055D-BF6A-435C-8858-F63A8FAC6D86}.Debug|Any CPU.ActiveCfg = Debug|Any CPU
		{01E5055D-BF6A-435C-8858-F63A8FAC6D86}.Debug|Any CPU.Build.0 = Debug|Any CPU
		{01E5055D-BF6A-435C-8858-F63A8FAC6D86}.Release|Any CPU.ActiveCfg = Release|Any CPU
		{01E5055D-BF6A-435C-8858-F63A8FAC6D86}.Release|Any CPU.Build.0 = Release|Any CPU
	EndGlobalSection
	GlobalSection(SolutionProperties) = preSolution
		HideSolutionNode = FALSE
	EndGlobalSection
	GlobalSection(NestedProjects) = preSolution
		{1A94B6E3-5AE2-4EF2-B023-11B8F8840742} = {245AA4AB-ECF4-4C69-B63D-C59D4B3F918C}
		{62FC7AE9-E522-4C65-9954-D3EC4C84B35E} = {8DE53FA4-6C58-4FE4-840C-8CD5D5370324}
		{B5A1BB45-B621-4EE9-A409-306F4768D597} = {2925DB42-26E1-4584-952E-928CDC0473DB}
		{8CC87457-C579-4E39-A1C4-BAADADF500DE} = {245AA4AB-ECF4-4C69-B63D-C59D4B3F918C}
		{440D2CE9-5C8D-4E58-90A8-D03807C62043} = {245AA4AB-ECF4-4C69-B63D-C59D4B3F918C}
		{01E5055D-BF6A-435C-8858-F63A8FAC6D86} = {8DE53FA4-6C58-4FE4-840C-8CD5D5370324}
	EndGlobalSection
	GlobalSection(ExtensibilityGlobals) = postSolution
		SolutionGuid = {823D9407-93C0-443E-89EC-D9DBB006A195}
	EndGlobalSection
EndGlobal
