
Microsoft Visual Studio Solution File, Format Version 12.00
# Visual Studio Version 16
VisualStudioVersion = 16.0.28315.86
MinimumVisualStudioVersion = 15.0.26124.0
Project("{2150E333-8FDC-42A3-9474-1A3956D46DE8}") = "src", "src", "{245AA4AB-ECF4-4C69-B63D-C59D4B3F918C}"
EndProject
Project("{2150E333-8FDC-42A3-9474-1A3956D46DE8}") = "test", "test", "{8DE53FA4-6C58-4FE4-840C-8CD5D5370324}"
EndProject
Project("{2150E333-8FDC-42A3-9474-1A3956D46DE8}") = "sample", "sample", "{2925DB42-26E1-4584-952E-928CDC0473DB}"
EndProject
Project("{2150E333-8FDC-42A3-9474-1A3956D46DE8}") = "Solution Items", "Solution Items", "{FDEACC74-E649-4B5B-8C44-F9E713C89B18}"
	ProjectSection(SolutionItems) = preProject
		.commitlintrc.json = .commitlintrc.json
		.npmrc = .npmrc
		.releaserc.json = .releaserc.json
		appveyor.yml = appveyor.yml
		appveyorinit.ps1 = appveyorinit.ps1
		build.cmd = build.cmd
		build.ps1 = build.ps1
		dotnet-install.ps1 = dotnet-install.ps1
		dotnet-install.sh = dotnet-install.sh
		global.json = global.json
		LICENSE = LICENSE
		NuGet.Config = NuGet.Config
		publish.cmd = publish.cmd
		publish.ps1 = publish.ps1
		README.md = README.md
	EndProjectSection
EndProject
Project("{9A19103F-16F7-4668-BE54-9A1E7A4F7556}") = "Aguacongas.AspNetCore.Authentication", "src\Aguacongas.AspNetCore.Authentication\Aguacongas.AspNetCore.Authentication.csproj", "{1A94B6E3-5AE2-4EF2-B023-11B8F8840742}"
EndProject
Project("{9A19103F-16F7-4668-BE54-9A1E7A4F7556}") = "Aguacongas.AspNetCore.Authentication.Test", "test\Aguacongas.AspNetCore.Authentication.Test\Aguacongas.AspNetCore.Authentication.Test.csproj", "{62FC7AE9-E522-4C65-9954-D3EC4C84B35E}"
EndProject
Project("{9A19103F-16F7-4668-BE54-9A1E7A4F7556}") = "Aguacongas.AspNetCore.Authentication.Sample", "sample\Aguacongas.AspNetCore.Authentication.Sample\Aguacongas.AspNetCore.Authentication.Sample.csproj", "{B5A1BB45-B621-4EE9-A409-306F4768D597}"
EndProject
Project("{9A19103F-16F7-4668-BE54-9A1E7A4F7556}") = "Aguacongas.AspNetCore.Authentication.EntityFramework", "src\Aguacongas.AspNetCore.Authentication.EntityFramework\Aguacongas.AspNetCore.Authentication.EntityFramework.csproj", "{8CC87457-C579-4E39-A1C4-BAADADF500DE}"
EndProject
Project("{9A19103F-16F7-4668-BE54-9A1E7A4F7556}") = "Aguacongas.AspNetCore.Authentication.EntityFramework.Test", "test\Aguacongas.AspNetCore.Authentication.EntityFramework.Test\Aguacongas.AspNetCore.Authentication.EntityFramework.Test.csproj", "{01E5055D-BF6A-435C-8858-F63A8FAC6D86}"
EndProject
Project("{9A19103F-16F7-4668-BE54-9A1E7A4F7556}") = "Aguacongas.AspNetCore.Authentication.TestBase", "src\Aguacongas.AspNetCore.Authentication.TestBase\Aguacongas.AspNetCore.Authentication.TestBase.csproj", "{B3DEE02F-9CD3-4009-AFEE-00F0B09811EC}"
EndProject
Project("{9A19103F-16F7-4668-BE54-9A1E7A4F7556}") = "Aguacongas.AspNetCore.Authentication.Redis", "src\Aguacongas.AspNetCore.Authentication.Redis\Aguacongas.AspNetCore.Authentication.Redis.csproj", "{CE9FE264-6139-47BF-970C-D1BBFCD7EFEA}"
EndProject
Project("{9A19103F-16F7-4668-BE54-9A1E7A4F7556}") = "Aguacongas.AspNetCore.Authentication.Redis.Test", "test\Aguacongas.AspNetCore.Authentication.Redis.Test\Aguacongas.AspNetCore.Authentication.Redis.Test.csproj", "{87CFA3EF-2A15-4861-A6DC-C74E9CA3EBCE}"
EndProject
Project("{9A19103F-16F7-4668-BE54-9A1E7A4F7556}") = "Aguacongas.AspNetCore.Authentication.RavenDb", "src\Aguacongas.AspNetCore.Authentication.RavenDb\Aguacongas.AspNetCore.Authentication.RavenDb.csproj", "{227C6C5A-5297-4C02-938A-61BA88C42DEE}"
EndProject
Project("{9A19103F-16F7-4668-BE54-9A1E7A4F7556}") = "Aguacongas.AspNetCore.Authentication.RavenDb.Test", "test\Aguacongas.AspNetCore.Authentication.RavenDb.Test\Aguacongas.AspNetCore.Authentication.RavenDb.Test.csproj", "{50BA6357-C8CF-4E23-A27C-26406300D165}"
EndProject
Project("{FAE04EC0-301F-11D3-BF4B-00C04F79EFBC}") = "Aguacongas.AspNetCore.Authentication.Persistence", "src\Aguacongas.AspNetCore.Authentication.Persistence\Aguacongas.AspNetCore.Authentication.Persistence.csproj", "{0D5D4CDA-94BB-4928-A46B-696126359A81}"
EndProject
Global
	GlobalSection(SolutionConfigurationPlatforms) = preSolution
		Debug|Any CPU = Debug|Any CPU
		Release|Any CPU = Release|Any CPU
	EndGlobalSection
	GlobalSection(ProjectConfigurationPlatforms) = postSolution
		{1A94B6E3-5AE2-4EF2-B023-11B8F8840742}.Debug|Any CPU.ActiveCfg = Debug|Any CPU
		{1A94B6E3-5AE2-4EF2-B023-11B8F8840742}.Debug|Any CPU.Build.0 = Debug|Any CPU
		{1A94B6E3-5AE2-4EF2-B023-11B8F8840742}.Release|Any CPU.ActiveCfg = Release|Any CPU
		{1A94B6E3-5AE2-4EF2-B023-11B8F8840742}.Release|Any CPU.Build.0 = Release|Any CPU
		{62FC7AE9-E522-4C65-9954-D3EC4C84B35E}.Debug|Any CPU.ActiveCfg = Debug|Any CPU
		{62FC7AE9-E522-4C65-9954-D3EC4C84B35E}.Debug|Any CPU.Build.0 = Debug|Any CPU
		{62FC7AE9-E522-4C65-9954-D3EC4C84B35E}.Release|Any CPU.ActiveCfg = Release|Any CPU
		{62FC7AE9-E522-4C65-9954-D3EC4C84B35E}.Release|Any CPU.Build.0 = Release|Any CPU
		{B5A1BB45-B621-4EE9-A409-306F4768D597}.Debug|Any CPU.ActiveCfg = Debug|Any CPU
		{B5A1BB45-B621-4EE9-A409-306F4768D597}.Debug|Any CPU.Build.0 = Debug|Any CPU
		{B5A1BB45-B621-4EE9-A409-306F4768D597}.Release|Any CPU.ActiveCfg = Release|Any CPU
		{B5A1BB45-B621-4EE9-A409-306F4768D597}.Release|Any CPU.Build.0 = Release|Any CPU
		{8CC87457-C579-4E39-A1C4-BAADADF500DE}.Debug|Any CPU.ActiveCfg = Debug|Any CPU
		{8CC87457-C579-4E39-A1C4-BAADADF500DE}.Debug|Any CPU.Build.0 = Debug|Any CPU
		{8CC87457-C579-4E39-A1C4-BAADADF500DE}.Release|Any CPU.ActiveCfg = Release|Any CPU
		{8CC87457-C579-4E39-A1C4-BAADADF500DE}.Release|Any CPU.Build.0 = Release|Any CPU
		{01E5055D-BF6A-435C-8858-F63A8FAC6D86}.Debug|Any CPU.ActiveCfg = Debug|Any CPU
		{01E5055D-BF6A-435C-8858-F63A8FAC6D86}.Debug|Any CPU.Build.0 = Debug|Any CPU
		{01E5055D-BF6A-435C-8858-F63A8FAC6D86}.Release|Any CPU.ActiveCfg = Release|Any CPU
		{01E5055D-BF6A-435C-8858-F63A8FAC6D86}.Release|Any CPU.Build.0 = Release|Any CPU
		{B3DEE02F-9CD3-4009-AFEE-00F0B09811EC}.Debug|Any CPU.ActiveCfg = Debug|Any CPU
		{B3DEE02F-9CD3-4009-AFEE-00F0B09811EC}.Debug|Any CPU.Build.0 = Debug|Any CPU
		{B3DEE02F-9CD3-4009-AFEE-00F0B09811EC}.Release|Any CPU.ActiveCfg = Release|Any CPU
		{B3DEE02F-9CD3-4009-AFEE-00F0B09811EC}.Release|Any CPU.Build.0 = Release|Any CPU
		{CE9FE264-6139-47BF-970C-D1BBFCD7EFEA}.Debug|Any CPU.ActiveCfg = Debug|Any CPU
		{CE9FE264-6139-47BF-970C-D1BBFCD7EFEA}.Debug|Any CPU.Build.0 = Debug|Any CPU
		{CE9FE264-6139-47BF-970C-D1BBFCD7EFEA}.Release|Any CPU.ActiveCfg = Release|Any CPU
		{CE9FE264-6139-47BF-970C-D1BBFCD7EFEA}.Release|Any CPU.Build.0 = Release|Any CPU
		{87CFA3EF-2A15-4861-A6DC-C74E9CA3EBCE}.Debug|Any CPU.ActiveCfg = Debug|Any CPU
		{87CFA3EF-2A15-4861-A6DC-C74E9CA3EBCE}.Debug|Any CPU.Build.0 = Debug|Any CPU
		{87CFA3EF-2A15-4861-A6DC-C74E9CA3EBCE}.Release|Any CPU.ActiveCfg = Release|Any CPU
		{87CFA3EF-2A15-4861-A6DC-C74E9CA3EBCE}.Release|Any CPU.Build.0 = Release|Any CPU
		{227C6C5A-5297-4C02-938A-61BA88C42DEE}.Debug|Any CPU.ActiveCfg = Debug|Any CPU
		{227C6C5A-5297-4C02-938A-61BA88C42DEE}.Debug|Any CPU.Build.0 = Debug|Any CPU
		{227C6C5A-5297-4C02-938A-61BA88C42DEE}.Release|Any CPU.ActiveCfg = Release|Any CPU
		{227C6C5A-5297-4C02-938A-61BA88C42DEE}.Release|Any CPU.Build.0 = Release|Any CPU
		{50BA6357-C8CF-4E23-A27C-26406300D165}.Debug|Any CPU.ActiveCfg = Debug|Any CPU
		{50BA6357-C8CF-4E23-A27C-26406300D165}.Debug|Any CPU.Build.0 = Debug|Any CPU
		{50BA6357-C8CF-4E23-A27C-26406300D165}.Release|Any CPU.ActiveCfg = Release|Any CPU
		{50BA6357-C8CF-4E23-A27C-26406300D165}.Release|Any CPU.Build.0 = Release|Any CPU
		{0D5D4CDA-94BB-4928-A46B-696126359A81}.Debug|Any CPU.ActiveCfg = Debug|Any CPU
		{0D5D4CDA-94BB-4928-A46B-696126359A81}.Debug|Any CPU.Build.0 = Debug|Any CPU
		{0D5D4CDA-94BB-4928-A46B-696126359A81}.Release|Any CPU.ActiveCfg = Release|Any CPU
		{0D5D4CDA-94BB-4928-A46B-696126359A81}.Release|Any CPU.Build.0 = Release|Any CPU
	EndGlobalSection
	GlobalSection(SolutionProperties) = preSolution
		HideSolutionNode = FALSE
	EndGlobalSection
	GlobalSection(NestedProjects) = preSolution
		{1A94B6E3-5AE2-4EF2-B023-11B8F8840742} = {245AA4AB-ECF4-4C69-B63D-C59D4B3F918C}
		{62FC7AE9-E522-4C65-9954-D3EC4C84B35E} = {8DE53FA4-6C58-4FE4-840C-8CD5D5370324}
		{B5A1BB45-B621-4EE9-A409-306F4768D597} = {2925DB42-26E1-4584-952E-928CDC0473DB}
		{8CC87457-C579-4E39-A1C4-BAADADF500DE} = {245AA4AB-ECF4-4C69-B63D-C59D4B3F918C}
		{01E5055D-BF6A-435C-8858-F63A8FAC6D86} = {8DE53FA4-6C58-4FE4-840C-8CD5D5370324}
		{B3DEE02F-9CD3-4009-AFEE-00F0B09811EC} = {245AA4AB-ECF4-4C69-B63D-C59D4B3F918C}
		{CE9FE264-6139-47BF-970C-D1BBFCD7EFEA} = {245AA4AB-ECF4-4C69-B63D-C59D4B3F918C}
		{87CFA3EF-2A15-4861-A6DC-C74E9CA3EBCE} = {8DE53FA4-6C58-4FE4-840C-8CD5D5370324}
		{227C6C5A-5297-4C02-938A-61BA88C42DEE} = {245AA4AB-ECF4-4C69-B63D-C59D4B3F918C}
		{50BA6357-C8CF-4E23-A27C-26406300D165} = {8DE53FA4-6C58-4FE4-840C-8CD5D5370324}
		{0D5D4CDA-94BB-4928-A46B-696126359A81} = {245AA4AB-ECF4-4C69-B63D-C59D4B3F918C}
	EndGlobalSection
	GlobalSection(ExtensibilityGlobals) = postSolution
		SolutionGuid = {823D9407-93C0-443E-89EC-D9DBB006A195}
	EndGlobalSection
EndGlobal
